
Microsoft Visual Studio Solution File, Format Version 12.00
# Visual Studio Version 17
VisualStudioVersion = 17.4.33213.308
MinimumVisualStudioVersion = 10.0.40219.1
Project("{9A19103F-16F7-4668-BE54-9A1E7A4F7556}") = "MyBDTheque.BackOffice.Web.UI", "MyBDTheque.BackOffice.Web.UI\MyBDTheque.BackOffice.Web.UI.csproj", "{A2D6DFB2-3F29-4FF5-92A7-E4E4F595E13F}"
EndProject
Project("{9A19103F-16F7-4668-BE54-9A1E7A4F7556}") = "MyBDTheque.Core.Data", "MyBDTheque.Core.Data\MyBDTheque.Core.Data.csproj", "{639D660B-8C50-492F-9918-38F0ED3EFD09}"
EndProject
Project("{2150E333-8FDC-42A3-9474-1A3956D46DE8}") = "Libs", "Libs", "{DBF0CDC2-ACD9-477D-9480-ED84F8FBE64C}"
EndProject
Project("{FAE04EC0-301F-11D3-BF4B-00C04F79EFBC}") = "LibrairiesAspnet", "LibrairiesAspnet\LibrairiesAspnet.csproj", "{68E5CA26-37E3-49E7-BB20-2EF9AB2CA9F9}"
EndProject
Global
	GlobalSection(SolutionConfigurationPlatforms) = preSolution
		Debug|Any CPU = Debug|Any CPU
		Release|Any CPU = Release|Any CPU
	EndGlobalSection
	GlobalSection(ProjectConfigurationPlatforms) = postSolution
		{A2D6DFB2-3F29-4FF5-92A7-E4E4F595E13F}.Debug|Any CPU.ActiveCfg = Debug|Any CPU
		{A2D6DFB2-3F29-4FF5-92A7-E4E4F595E13F}.Debug|Any CPU.Build.0 = Debug|Any CPU
		{A2D6DFB2-3F29-4FF5-92A7-E4E4F595E13F}.Release|Any CPU.ActiveCfg = Release|Any CPU
		{A2D6DFB2-3F29-4FF5-92A7-E4E4F595E13F}.Release|Any CPU.Build.0 = Release|Any CPU
		{639D660B-8C50-492F-9918-38F0ED3EFD09}.Debug|Any CPU.ActiveCfg = Debug|Any CPU
		{639D660B-8C50-492F-9918-38F0ED3EFD09}.Debug|Any CPU.Build.0 = Debug|Any CPU
		{639D660B-8C50-492F-9918-38F0ED3EFD09}.Release|Any CPU.ActiveCfg = Release|Any CPU
		{639D660B-8C50-492F-9918-38F0ED3EFD09}.Release|Any CPU.Build.0 = Release|Any CPU
		{68E5CA26-37E3-49E7-BB20-2EF9AB2CA9F9}.Debug|Any CPU.ActiveCfg = Debug|Any CPU
		{68E5CA26-37E3-49E7-BB20-2EF9AB2CA9F9}.Debug|Any CPU.Build.0 = Debug|Any CPU
		{68E5CA26-37E3-49E7-BB20-2EF9AB2CA9F9}.Release|Any CPU.ActiveCfg = Release|Any CPU
		{68E5CA26-37E3-49E7-BB20-2EF9AB2CA9F9}.Release|Any CPU.Build.0 = Release|Any CPU
	EndGlobalSection
	GlobalSection(SolutionProperties) = preSolution
		HideSolutionNode = FALSE
	EndGlobalSection
	GlobalSection(NestedProjects) = preSolution
		{68E5CA26-37E3-49E7-BB20-2EF9AB2CA9F9} = {DBF0CDC2-ACD9-477D-9480-ED84F8FBE64C}
	EndGlobalSection
	GlobalSection(ExtensibilityGlobals) = postSolution
		SolutionGuid = {483FEE9D-3EA2-4D6A-9F3A-06E902ED6A3B}
	EndGlobalSection
EndGlobal
